Microsoft Visual Studio Solution File, Format Version 12.00
# Visual Studio Version 17
VisualStudioVersion = 17.5.2.0
MinimumVisualStudioVersion = 10.0.40219.1
Project("{FAE04EC0-301F-11D3-BF4B-00C04F79EFBC}") = "ejercicioif", "ejercicioif\ejercicioif.csproj", "{8E5B4BDB-0F13-C729-00CD-D23D47D29403}"
EndProject
Global
	GlobalSection(SolutionConfigurationPlatforms) = preSolution
		Debug|Any CPU = Debug|Any CPU
		Release|Any CPU = Release|Any CPU
	EndGlobalSection
	GlobalSection(ProjectConfigurationPlatforms) = postSolution
		{8E5B4BDB-0F13-C729-00CD-D23D47D29403}.Debug|Any CPU.ActiveCfg = Debug|Any CPU
		{8E5B4BDB-0F13-C729-00CD-D23D47D29403}.Debug|Any CPU.Build.0 = Debug|Any CPU
		{8E5B4BDB-0F13-C729-00CD-D23D47D29403}.Release|Any CPU.ActiveCfg = Release|Any CPU
		{8E5B4BDB-0F13-C729-00CD-D23D47D29403}.Release|Any CPU.Build.0 = Release|Any CPU
	EndGlobalSection
	GlobalSection(SolutionProperties) = preSolution
		HideSolutionNode = FALSE
	EndGlobalSection
	GlobalSection(ExtensibilityGlobals) = postSolution
		SolutionGuid = {4712A6FA-7349-4FFA-B955-49977219D071}
	EndGlobalSection
EndGlobal
